// !$*UTF8*$!
{
	archiveVersion = 1;
	classes = {
	};
	objectVersion = 46;
	objects = {

/* Begin PBXBuildFile section */
		820067DB190115AD0082A6B1 /* ORSSerialPort.m in Sources */ = {isa = PBXBuildFile; fileRef = 820067D6190115AD0082A6B1 /* ORSSerialPort.m */; };
		820067DC190115AD0082A6B1 /* ORSSerialPortManager.m in Sources */ = {isa = PBXBuildFile; fileRef = 820067D8190115AD0082A6B1 /* ORSSerialPortManager.m */; };
		820067DD190115AD0082A6B1 /* AKPioneerTapeRecorder.m in Sources */ = {isa = PBXBuildFile; fileRef = 820067DA190115AD0082A6B1 /* AKPioneerTapeRecorder.m */; };
		82296E2118F10AEB00328B27 /* Cocoa.framework in Frameworks */ = {isa = PBXBuildFile; fileRef = 82296E2018F10AEB00328B27 /* Cocoa.framework */; };
		82296E2B18F10AEB00328B27 /* InfoPlist.strings in Resources */ = {isa = PBXBuildFile; fileRef = 82296E2918F10AEB00328B27 /* InfoPlist.strings */; };
		82296E2D18F10AEB00328B27 /* main.m in Sources */ = {isa = PBXBuildFile; fileRef = 82296E2C18F10AEB00328B27 /* main.m */; };
		82296E3118F10AEB00328B27 /* Credits.rtf in Resources */ = {isa = PBXBuildFile; fileRef = 82296E2F18F10AEB00328B27 /* Credits.rtf */; };
		82296E3418F10AEB00328B27 /* AIAppDelegate.mm in Sources */ = {isa = PBXBuildFile; fileRef = 82296E3318F10AEB00328B27 /* AIAppDelegate.mm */; };
		82296E3718F10AEB00328B27 /* MainMenu.xib in Resources */ = {isa = PBXBuildFile; fileRef = 82296E3518F10AEB00328B27 /* MainMenu.xib */; };
		82296E3918F10AEB00328B27 /* Images.xcassets in Resources */ = {isa = PBXBuildFile; fileRef = 82296E3818F10AEB00328B27 /* Images.xcassets */; };
		82296E4018F10AEB00328B27 /* XCTest.framework in Frameworks */ = {isa = PBXBuildFile; fileRef = 82296E3F18F10AEB00328B27 /* XCTest.framework */; };
		82296E4118F10AEB00328B27 /* Cocoa.framework in Frameworks */ = {isa = PBXBuildFile; fileRef = 82296E2018F10AEB00328B27 /* Cocoa.framework */; };
		82296E4918F10AEB00328B27 /* InfoPlist.strings in Resources */ = {isa = PBXBuildFile; fileRef = 82296E4718F10AEB00328B27 /* InfoPlist.strings */; };
		82296E4B18F10AEB00328B27 /* AIEditTests.m in Sources */ = {isa = PBXBuildFile; fileRef = 82296E4A18F10AEB00328B27 /* AIEditTests.m */; };
		82296E5518F10C7F00328B27 /* cassette90.png in Resources */ = {isa = PBXBuildFile; fileRef = 82296E5418F10C7F00328B27 /* cassette90.png */; };
		82296E5718F10FCA00328B27 /* AVFoundation.framework in Frameworks */ = {isa = PBXBuildFile; fileRef = 82296E5618F10FCA00328B27 /* AVFoundation.framework */; };
		82296E5A18F110AF00328B27 /* AITapeTrack.m in Sources */ = {isa = PBXBuildFile; fileRef = 82296E5918F110AF00328B27 /* AITapeTrack.m */; };
		8241E8381980D02600EC8E6A /* tapemas.png in Resources */ = {isa = PBXBuildFile; fileRef = 8241E8371980D02600EC8E6A /* tapemas.png */; };
		8241E83B1980D1F600EC8E6A /* AIReelRecorder.m in Sources */ = {isa = PBXBuildFile; fileRef = 8241E83A1980D1F600EC8E6A /* AIReelRecorder.m */; };
		8241E83D1980D22800EC8E6A /* libz.1.2.5.dylib in Frameworks */ = {isa = PBXBuildFile; fileRef = 8241E83C1980D22800EC8E6A /* libz.1.2.5.dylib */; };
		824CB0BD1A66267500C1714B /* AudioDevice.cpp in Sources */ = {isa = PBXBuildFile; fileRef = 824CB0B91A66267500C1714B /* AudioDevice.cpp */; };
		824CB0BE1A66267500C1714B /* AudioDeviceList.cpp in Sources */ = {isa = PBXBuildFile; fileRef = 824CB0BB1A66267500C1714B /* AudioDeviceList.cpp */; };
		824CB0C01A662B8500C1714B /* AudioDevice.h in Headers */ = {isa = PBXBuildFile; fileRef = 824CB0BA1A66267500C1714B /* AudioDevice.h */; };
		824CB0C11A662B8500C1714B /* AudioDeviceList.h in Headers */ = {isa = PBXBuildFile; fileRef = 824CB0BC1A66267500C1714B /* AudioDeviceList.h */; };
		824EE2EA18F43D2C00F9E75F /* AVAudioGapPlayer.m in Sources */ = {isa = PBXBuildFile; fileRef = 824EE2E918F43D2C00F9E75F /* AVAudioGapPlayer.m */; };
		82664797197272EF00E30C60 /* CoreAudio.framework in Frameworks */ = {isa = PBXBuildFile; fileRef = 82664796197272EF00E30C60 /* CoreAudio.framework */; };
		8266479A1972751400E30C60 /* AIAudioOutputPlayer.mm in Sources */ = {isa = PBXBuildFile; fileRef = 826647991972751400E30C60 /* AIAudioOutputPlayer.mm */; };
		8266479C1972756D00E30C60 /* AudioToolbox.framework in Frameworks */ = {isa = PBXBuildFile; fileRef = 8266479B1972756D00E30C60 /* AudioToolbox.framework */; };
		8266479E1972757100E30C60 /* AudioUnit.framework in Frameworks */ = {isa = PBXBuildFile; fileRef = 8266479D1972757100E30C60 /* AudioUnit.framework */; };
		826647A01972788300E30C60 /* test.mp3 in Resources */ = {isa = PBXBuildFile; fileRef = 8266479F1972788300E30C60 /* test.mp3 */; };
		826647D31972898E00E30C60 /* CAAudioChannelLayout.cpp in Sources */ = {isa = PBXBuildFile; fileRef = 826647C01972898E00E30C60 /* CAAudioChannelLayout.cpp */; };
		826647D41972898E00E30C60 /* CAAudioChannelLayoutObject.cpp in Sources */ = {isa = PBXBuildFile; fileRef = 826647C21972898E00E30C60 /* CAAudioChannelLayoutObject.cpp */; };
		826647D51972898E00E30C60 /* CAAudioUnit.cpp in Sources */ = {isa = PBXBuildFile; fileRef = 826647C31972898E00E30C60 /* CAAudioUnit.cpp */; };
		826647D61972898E00E30C60 /* CAComponent.cpp in Sources */ = {isa = PBXBuildFile; fileRef = 826647C71972898E00E30C60 /* CAComponent.cpp */; };
		826647D71972898E00E30C60 /* CAComponentDescription.cpp in Sources */ = {isa = PBXBuildFile; fileRef = 826647C91972898E00E30C60 /* CAComponentDescription.cpp */; };
		826647D81972898E00E30C60 /* CAStreamBasicDescription.cpp in Sources */ = {isa = PBXBuildFile; fileRef = 826647CF1972898E00E30C60 /* CAStreamBasicDescription.cpp */; };
		826647D91972898E00E30C60 /* CAXException.cpp in Sources */ = {isa = PBXBuildFile; fileRef = 826647D11972898E00E30C60 /* CAXException.cpp */; };
		826647DB197289DB00E30C60 /* CoreServices.framework in Frameworks */ = {isa = PBXBuildFile; fileRef = 826647DA197289DB00E30C60 /* CoreServices.framework */; };
		829933761A905EC200259804 /* AIInspectorWindow.h in Headers */ = {isa = PBXBuildFile; fileRef = 829933731A905EC200259804 /* AIInspectorWindow.h */; };
		829933771A905EC200259804 /* AIInspectorWindow.m in Sources */ = {isa = PBXBuildFile; fileRef = 829933741A905EC200259804 /* AIInspectorWindow.m */; };
		829933811A9073A500259804 /* AIInspectorWindow.xib in Resources */ = {isa = PBXBuildFile; fileRef = 829933831A9073A500259804 /* AIInspectorWindow.xib */; };
		82B9C9EF1969374700FDF7AD /* tapedoc.png in Resources */ = {isa = PBXBuildFile; fileRef = 82B9C9EE1969374700FDF7AD /* tapedoc.png */; };
		82C2AD74190116720085D2D4 /* IOKit.framework in Frameworks */ = {isa = PBXBuildFile; fileRef = 82C2AD73190116720085D2D4 /* IOKit.framework */; };
/* End PBXBuildFile section */

/* Begin PBXContainerItemProxy section */
		82296E4218F10AEB00328B27 /* PBXContainerItemProxy */ = {
			isa = PBXContainerItemProxy;
			containerPortal = 82296E1518F10AEB00328B27 /* Project object */;
			proxyType = 1;
			remoteGlobalIDString = 82296E1C18F10AEB00328B27;
			remoteInfo = AIEdit;
		};
/* End PBXContainerItemProxy section */

/* Begin PBXCopyFilesBuildPhase section */
		826647DE1972949C00E30C60 /* CopyFiles */ = {
			isa = PBXCopyFilesBuildPhase;
			buildActionMask = 2147483647;
			dstPath = "";
			dstSubfolderSpec = 10;
			files = (
			);
			runOnlyForDeploymentPostprocessing = 0;
		};
/* End PBXCopyFilesBuildPhase section */

/* Begin PBXFileReference section */
		820067D5190115AD0082A6B1 /* ORSSerialPort.h */ = {isa = PBXFileReference; fileEncoding = 4; lastKnownFileType = sourcecode.c.h; path = ORSSerialPort.h; sourceTree = "<group>"; };
		820067D6190115AD0082A6B1 /* ORSSerialPort.m */ = {isa = PBXFileReference; fileEncoding = 4; lastKnownFileType = sourcecode.c.objc; path = ORSSerialPort.m; sourceTree = "<group>"; };
		820067D7190115AD0082A6B1 /* ORSSerialPortManager.h */ = {isa = PBXFileReference; fileEncoding = 4; lastKnownFileType = sourcecode.c.h; path = ORSSerialPortManager.h; sourceTree = "<group>"; };
		820067D8190115AD0082A6B1 /* ORSSerialPortManager.m */ = {isa = PBXFileReference; fileEncoding = 4; lastKnownFileType = sourcecode.c.objc; path = ORSSerialPortManager.m; sourceTree = "<group>"; };
		820067D9190115AD0082A6B1 /* AKPioneerTapeRecorder.h */ = {isa = PBXFileReference; fileEncoding = 4; lastKnownFileType = sourcecode.c.h; path = AKPioneerTapeRecorder.h; sourceTree = "<group>"; };
		820067DA190115AD0082A6B1 /* AKPioneerTapeRecorder.m */ = {isa = PBXFileReference; fileEncoding = 4; lastKnownFileType = sourcecode.c.objc; path = AKPioneerTapeRecorder.m; sourceTree = "<group>"; };
		822204C61A5535A5003E7C09 /* AIAUViewFactory.h */ = {isa = PBXFileReference; fileEncoding = 4; lastKnownFileType = sourcecode.c.h; path = AIAUViewFactory.h; sourceTree = "<group>"; };
		82296E1D18F10AEB00328B27 /* AIEdit.app */ = {isa = PBXFileReference; explicitFileType = wrapper.application; includeInIndex = 0; path = AIEdit.app; sourceTree = BUILT_PRODUCTS_DIR; };
		82296E2018F10AEB00328B27 /* Cocoa.framework */ = {isa = PBXFileReference; lastKnownFileType = wrapper.framework; name = Cocoa.framework; path = System/Library/Frameworks/Cocoa.framework; sourceTree = SDKROOT; };
		82296E2318F10AEB00328B27 /* AppKit.framework */ = {isa = PBXFileReference; lastKnownFileType = wrapper.framework; name = AppKit.framework; path = System/Library/Frameworks/AppKit.framework; sourceTree = SDKROOT; };
		82296E2418F10AEB00328B27 /* CoreData.framework */ = {isa = PBXFileReference; lastKnownFileType = wrapper.framework; name = CoreData.framework; path = System/Library/Frameworks/CoreData.framework; sourceTree = SDKROOT; };
		82296E2518F10AEB00328B27 /* Foundation.framework */ = {isa = PBXFileReference; lastKnownFileType = wrapper.framework; name = Foundation.framework; path = System/Library/Frameworks/Foundation.framework; sourceTree = SDKROOT; };
		82296E2818F10AEB00328B27 /* AIEdit-Info.plist */ = {isa = PBXFileReference; lastKnownFileType = text.plist.xml; path = "AIEdit-Info.plist"; sourceTree = "<group>"; };
		82296E2A18F10AEB00328B27 /* en */ = {isa = PBXFileReference; lastKnownFileType = text.plist.strings; name = en; path = en.lproj/InfoPlist.strings; sourceTree = "<group>"; };
		82296E2C18F10AEB00328B27 /* main.m */ = {isa = PBXFileReference; lastKnownFileType = sourcecode.c.objc; path = main.m; sourceTree = "<group>"; };
		82296E2E18F10AEB00328B27 /* AIEdit-Prefix.pch */ = {isa = PBXFileReference; lastKnownFileType = sourcecode.c.h; path = "AIEdit-Prefix.pch"; sourceTree = "<group>"; };
		82296E3018F10AEB00328B27 /* en */ = {isa = PBXFileReference; lastKnownFileType = text.rtf; name = en; path = en.lproj/Credits.rtf; sourceTree = "<group>"; };
		82296E3218F10AEB00328B27 /* AIAppDelegate.h */ = {isa = PBXFileReference; lastKnownFileType = sourcecode.c.h; path = AIAppDelegate.h; sourceTree = "<group>"; };
		82296E3318F10AEB00328B27 /* AIAppDelegate.mm */ = {isa = PBXFileReference; lastKnownFileType = sourcecode.cpp.objcpp; path = AIAppDelegate.mm; sourceTree = "<group>"; };
		82296E3618F10AEB00328B27 /* Base */ = {isa = PBXFileReference; lastKnownFileType = file.xib; name = Base; path = Base.lproj/MainMenu.xib; sourceTree = "<group>"; };
		82296E3818F10AEB00328B27 /* Images.xcassets */ = {isa = PBXFileReference; lastKnownFileType = folder.assetcatalog; path = Images.xcassets; sourceTree = "<group>"; };
		82296E3E18F10AEB00328B27 /* AIEditTests.xctest */ = {isa = PBXFileReference; explicitFileType = wrapper.cfbundle; includeInIndex = 0; path = AIEditTests.xctest; sourceTree = BUILT_PRODUCTS_DIR; };
		82296E3F18F10AEB00328B27 /* XCTest.framework */ = {isa = PBXFileReference; lastKnownFileType = wrapper.framework; name = XCTest.framework; path = Library/Frameworks/XCTest.framework; sourceTree = DEVELOPER_DIR; };
		82296E4618F10AEB00328B27 /* AIEditTests-Info.plist */ = {isa = PBXFileReference; lastKnownFileType = text.plist.xml; path = "AIEditTests-Info.plist"; sourceTree = "<group>"; };
		82296E4818F10AEB00328B27 /* en */ = {isa = PBXFileReference; lastKnownFileType = text.plist.strings; name = en; path = en.lproj/InfoPlist.strings; sourceTree = "<group>"; };
		82296E4A18F10AEB00328B27 /* AIEditTests.m */ = {isa = PBXFileReference; lastKnownFileType = sourcecode.c.objc; path = AIEditTests.m; sourceTree = "<group>"; };
		82296E5418F10C7F00328B27 /* cassette90.png */ = {isa = PBXFileReference; lastKnownFileType = image.png; path = cassette90.png; sourceTree = "<group>"; };
		82296E5618F10FCA00328B27 /* AVFoundation.framework */ = {isa = PBXFileReference; lastKnownFileType = wrapper.framework; name = AVFoundation.framework; path = System/Library/Frameworks/AVFoundation.framework; sourceTree = SDKROOT; };
		82296E5818F110AF00328B27 /* AITapeTrack.h */ = {isa = PBXFileReference; fileEncoding = 4; lastKnownFileType = sourcecode.c.h; path = AITapeTrack.h; sourceTree = "<group>"; };
		82296E5918F110AF00328B27 /* AITapeTrack.m */ = {isa = PBXFileReference; fileEncoding = 4; lastKnownFileType = sourcecode.c.objc; path = AITapeTrack.m; sourceTree = "<group>"; };
		8241E8371980D02600EC8E6A /* tapemas.png */ = {isa = PBXFileReference; lastKnownFileType = image.png; path = tapemas.png; sourceTree = "<group>"; };
		8241E8391980D1F600EC8E6A /* AIReelRecorder.h */ = {isa = PBXFileReference; fileEncoding = 4; lastKnownFileType = sourcecode.c.h; path = AIReelRecorder.h; sourceTree = "<group>"; };
		8241E83A1980D1F600EC8E6A /* AIReelRecorder.m */ = {isa = PBXFileReference; fileEncoding = 4; lastKnownFileType = sourcecode.c.objc; path = AIReelRecorder.m; sourceTree = "<group>"; };
		8241E83C1980D22800EC8E6A /* libz.1.2.5.dylib */ = {isa = PBXFileReference; lastKnownFileType = "compiled.mach-o.dylib"; name = libz.1.2.5.dylib; path = usr/lib/libz.1.2.5.dylib; sourceTree = SDKROOT; };
		824CB0B91A66267500C1714B /* AudioDevice.cpp */ = {isa = PBXFileReference; fileEncoding = 4; lastKnownFileType = sourcecode.cpp.cpp; path = AudioDevice.cpp; sourceTree = "<group>"; };
		824CB0BA1A66267500C1714B /* AudioDevice.h */ = {isa = PBXFileReference; fileEncoding = 4; lastKnownFileType = sourcecode.c.h; path = AudioDevice.h; sourceTree = "<group>"; };
		824CB0BB1A66267500C1714B /* AudioDeviceList.cpp */ = {isa = PBXFileReference; fileEncoding = 4; lastKnownFileType = sourcecode.cpp.cpp; path = AudioDeviceList.cpp; sourceTree = "<group>"; };
		824CB0BC1A66267500C1714B /* AudioDeviceList.h */ = {isa = PBXFileReference; fileEncoding = 4; lastKnownFileType = sourcecode.c.h; path = AudioDeviceList.h; sourceTree = "<group>"; };
		824EE2E818F43D2C00F9E75F /* AVAudioGapPlayer.h */ = {isa = PBXFileReference; fileEncoding = 4; lastKnownFileType = sourcecode.c.h; path = AVAudioGapPlayer.h; sourceTree = "<group>"; };
		824EE2E918F43D2C00F9E75F /* AVAudioGapPlayer.m */ = {isa = PBXFileReference; fileEncoding = 4; lastKnownFileType = sourcecode.c.objc; path = AVAudioGapPlayer.m; sourceTree = "<group>"; };
		82664796197272EF00E30C60 /* CoreAudio.framework */ = {isa = PBXFileReference; lastKnownFileType = wrapper.framework; name = CoreAudio.framework; path = System/Library/Frameworks/CoreAudio.framework; sourceTree = SDKROOT; };
		826647981972751400E30C60 /* AIAudioOutputPlayer.h */ = {isa = PBXFileReference; fileEncoding = 4; lastKnownFileType = sourcecode.c.h; path = AIAudioOutputPlayer.h; sourceTree = "<group>"; };
		826647991972751400E30C60 /* AIAudioOutputPlayer.mm */ = {isa = PBXFileReference; fileEncoding = 4; lastKnownFileType = sourcecode.cpp.objcpp; path = AIAudioOutputPlayer.mm; sourceTree = "<group>"; };
		8266479B1972756D00E30C60 /* AudioToolbox.framework */ = {isa = PBXFileReference; lastKnownFileType = wrapper.framework; name = AudioToolbox.framework; path = System/Library/Frameworks/AudioToolbox.framework; sourceTree = SDKROOT; };
		8266479D1972757100E30C60 /* AudioUnit.framework */ = {isa = PBXFileReference; lastKnownFileType = wrapper.framework; name = AudioUnit.framework; path = System/Library/Frameworks/AudioUnit.framework; sourceTree = SDKROOT; };
		8266479F1972788300E30C60 /* test.mp3 */ = {isa = PBXFileReference; lastKnownFileType = audio.mp3; path = test.mp3; sourceTree = "<group>"; };
		826647BE1972898E00E30C60 /* AUOutputBL.h */ = {isa = PBXFileReference; fileEncoding = 4; lastKnownFileType = sourcecode.c.h; path = AUOutputBL.h; sourceTree = "<group>"; };
		826647BF1972898E00E30C60 /* CAAtomic.h */ = {isa = PBXFileReference; fileEncoding = 4; lastKnownFileType = sourcecode.c.h; path = CAAtomic.h; sourceTree = "<group>"; };
		826647C01972898E00E30C60 /* CAAudioChannelLayout.cpp */ = {isa = PBXFileReference; fileEncoding = 4; lastKnownFileType = sourcecode.cpp.cpp; path = CAAudioChannelLayout.cpp; sourceTree = "<group>"; };
		826647C11972898E00E30C60 /* CAAudioChannelLayout.h */ = {isa = PBXFileReference; fileEncoding = 4; lastKnownFileType = sourcecode.c.h; path = CAAudioChannelLayout.h; sourceTree = "<group>"; };
		826647C21972898E00E30C60 /* CAAudioChannelLayoutObject.cpp */ = {isa = PBXFileReference; fileEncoding = 4; lastKnownFileType = sourcecode.cpp.cpp; path = CAAudioChannelLayoutObject.cpp; sourceTree = "<group>"; };
		826647C31972898E00E30C60 /* CAAudioUnit.cpp */ = {isa = PBXFileReference; fileEncoding = 4; lastKnownFileType = sourcecode.cpp.cpp; path = CAAudioUnit.cpp; sourceTree = "<group>"; };
		826647C41972898E00E30C60 /* CAAudioUnit.h */ = {isa = PBXFileReference; fileEncoding = 4; lastKnownFileType = sourcecode.c.h; path = CAAudioUnit.h; sourceTree = "<group>"; };
		826647C51972898E00E30C60 /* CAAutoDisposer.h */ = {isa = PBXFileReference; fileEncoding = 4; lastKnownFileType = sourcecode.c.h; path = CAAutoDisposer.h; sourceTree = "<group>"; };
		826647C61972898E00E30C60 /* CACFDictionary.h */ = {isa = PBXFileReference; fileEncoding = 4; lastKnownFileType = sourcecode.c.h; path = CACFDictionary.h; sourceTree = "<group>"; };
		826647C71972898E00E30C60 /* CAComponent.cpp */ = {isa = PBXFileReference; fileEncoding = 4; lastKnownFileType = sourcecode.cpp.cpp; path = CAComponent.cpp; sourceTree = "<group>"; };
		826647C81972898E00E30C60 /* CAComponent.h */ = {isa = PBXFileReference; fileEncoding = 4; lastKnownFileType = sourcecode.c.h; path = CAComponent.h; sourceTree = "<group>"; };
		826647C91972898E00E30C60 /* CAComponentDescription.cpp */ = {isa = PBXFileReference; fileEncoding = 4; lastKnownFileType = sourcecode.cpp.cpp; path = CAComponentDescription.cpp; sourceTree = "<group>"; };
		826647CA1972898E00E30C60 /* CAComponentDescription.h */ = {isa = PBXFileReference; fileEncoding = 4; lastKnownFileType = sourcecode.c.h; path = CAComponentDescription.h; sourceTree = "<group>"; };
		826647CB1972898E00E30C60 /* CADebugMacros.h */ = {isa = PBXFileReference; fileEncoding = 4; lastKnownFileType = sourcecode.c.h; path = CADebugMacros.h; sourceTree = "<group>"; };
		826647CC1972898E00E30C60 /* CADebugPrintf.h */ = {isa = PBXFileReference; fileEncoding = 4; lastKnownFileType = sourcecode.c.h; path = CADebugPrintf.h; sourceTree = "<group>"; };
		826647CD1972898E00E30C60 /* CAMath.h */ = {isa = PBXFileReference; fileEncoding = 4; lastKnownFileType = sourcecode.c.h; path = CAMath.h; sourceTree = "<group>"; };
		826647CE1972898E00E30C60 /* CAReferenceCounted.h */ = {isa = PBXFileReference; fileEncoding = 4; lastKnownFileType = sourcecode.c.h; path = CAReferenceCounted.h; sourceTree = "<group>"; };
		826647CF1972898E00E30C60 /* CAStreamBasicDescription.cpp */ = {isa = PBXFileReference; fileEncoding = 4; lastKnownFileType = sourcecode.cpp.cpp; path = CAStreamBasicDescription.cpp; sourceTree = "<group>"; };
		826647D01972898E00E30C60 /* CAStreamBasicDescription.h */ = {isa = PBXFileReference; fileEncoding = 4; lastKnownFileType = sourcecode.c.h; path = CAStreamBasicDescription.h; sourceTree = "<group>"; };
		826647D11972898E00E30C60 /* CAXException.cpp */ = {isa = PBXFileReference; fileEncoding = 4; lastKnownFileType = sourcecode.cpp.cpp; path = CAXException.cpp; sourceTree = "<group>"; };
		826647D21972898E00E30C60 /* CAXException.h */ = {isa = PBXFileReference; fileEncoding = 4; lastKnownFileType = sourcecode.c.h; path = CAXException.h; sourceTree = "<group>"; };
		826647DA197289DB00E30C60 /* CoreServices.framework */ = {isa = PBXFileReference; lastKnownFileType = wrapper.framework; name = CoreServices.framework; path = System/Library/Frameworks/CoreServices.framework; sourceTree = SDKROOT; };
		829933731A905EC200259804 /* AIInspectorWindow.h */ = {isa = PBXFileReference; fileEncoding = 4; lastKnownFileType = sourcecode.c.h; path = AIInspectorWindow.h; sourceTree = "<group>"; };
		829933741A905EC200259804 /* AIInspectorWindow.m */ = {isa = PBXFileReference; fileEncoding = 4; lastKnownFileType = sourcecode.c.objc; path = AIInspectorWindow.m; sourceTree = "<group>"; };
		829933821A9073A500259804 /* Base */ = {isa = PBXFileReference; lastKnownFileType = file.xib; name = Base; path = Base.lproj/AIInspectorWindow.xib; sourceTree = "<group>"; };
		82B9C9EE1969374700FDF7AD /* tapedoc.png */ = {isa = PBXFileReference; lastKnownFileType = image.png; path = tapedoc.png; sourceTree = "<group>"; };
		82C2AD711901166B0085D2D4 /* CoreAudioKit.framework */ = {isa = PBXFileReference; lastKnownFileType = wrapper.framework; name = CoreAudioKit.framework; path = System/Library/Frameworks/CoreAudioKit.framework; sourceTree = SDKROOT; };
		82C2AD73190116720085D2D4 /* IOKit.framework */ = {isa = PBXFileReference; lastKnownFileType = wrapper.framework; name = IOKit.framework; path = System/Library/Frameworks/IOKit.framework; sourceTree = SDKROOT; };
/* End PBXFileReference section */

/* Begin PBXFrameworksBuildPhase section */
		82296E1A18F10AEB00328B27 /* Frameworks */ = {
			isa = PBXFrameworksBuildPhase;
			buildActionMask = 2147483647;
			files = (
				8241E83D1980D22800EC8E6A /* libz.1.2.5.dylib in Frameworks */,
				826647DB197289DB00E30C60 /* CoreServices.framework in Frameworks */,
				8266479E1972757100E30C60 /* AudioUnit.framework in Frameworks */,
				8266479C1972756D00E30C60 /* AudioToolbox.framework in Frameworks */,
				82664797197272EF00E30C60 /* CoreAudio.framework in Frameworks */,
				82C2AD74190116720085D2D4 /* IOKit.framework in Frameworks */,
				82296E5718F10FCA00328B27 /* AVFoundation.framework in Frameworks */,
				82296E2118F10AEB00328B27 /* Cocoa.framework in Frameworks */,
			);
			runOnlyForDeploymentPostprocessing = 0;
		};
		82296E3B18F10AEB00328B27 /* Frameworks */ = {
			isa = PBXFrameworksBuildPhase;
			buildActionMask = 2147483647;
			files = (
				82296E4118F10AEB00328B27 /* Cocoa.framework in Frameworks */,
				82296E4018F10AEB00328B27 /* XCTest.framework in Frameworks */,
			);
			runOnlyForDeploymentPostprocessing = 0;
		};
/* End PBXFrameworksBuildPhase section */

/* Begin PBXGroup section */
		82296E1418F10AEB00328B27 = {
			isa = PBXGroup;
			children = (
				82296E2618F10AEB00328B27 /* AIEdit */,
				82296E4418F10AEB00328B27 /* AIEditTests */,
				82296E1F18F10AEB00328B27 /* Frameworks */,
				82296E1E18F10AEB00328B27 /* Products */,
			);
			sourceTree = "<group>";
		};
		82296E1E18F10AEB00328B27 /* Products */ = {
			isa = PBXGroup;
			children = (
				82296E1D18F10AEB00328B27 /* AIEdit.app */,
				82296E3E18F10AEB00328B27 /* AIEditTests.xctest */,
			);
			name = Products;
			sourceTree = "<group>";
		};
		82296E1F18F10AEB00328B27 /* Frameworks */ = {
			isa = PBXGroup;
			children = (
				8241E83C1980D22800EC8E6A /* libz.1.2.5.dylib */,
				826647DA197289DB00E30C60 /* CoreServices.framework */,
				8266479D1972757100E30C60 /* AudioUnit.framework */,
				8266479B1972756D00E30C60 /* AudioToolbox.framework */,
				82664796197272EF00E30C60 /* CoreAudio.framework */,
				82C2AD73190116720085D2D4 /* IOKit.framework */,
				82C2AD711901166B0085D2D4 /* CoreAudioKit.framework */,
				82296E5618F10FCA00328B27 /* AVFoundation.framework */,
				82296E2018F10AEB00328B27 /* Cocoa.framework */,
				82296E3F18F10AEB00328B27 /* XCTest.framework */,
				82296E2218F10AEB00328B27 /* Other Frameworks */,
			);
			name = Frameworks;
			sourceTree = "<group>";
		};
		82296E2218F10AEB00328B27 /* Other Frameworks */ = {
			isa = PBXGroup;
			children = (
				82296E2318F10AEB00328B27 /* AppKit.framework */,
				82296E2418F10AEB00328B27 /* CoreData.framework */,
				82296E2518F10AEB00328B27 /* Foundation.framework */,
			);
			name = "Other Frameworks";
			sourceTree = "<group>";
		};
		82296E2618F10AEB00328B27 /* AIEdit */ = {
			isa = PBXGroup;
			children = (
				8241E8391980D1F600EC8E6A /* AIReelRecorder.h */,
				8241E83A1980D1F600EC8E6A /* AIReelRecorder.m */,
				820067D9190115AD0082A6B1 /* AKPioneerTapeRecorder.h */,
				820067DA190115AD0082A6B1 /* AKPioneerTapeRecorder.m */,
				82296E3218F10AEB00328B27 /* AIAppDelegate.h */,
				82296E3318F10AEB00328B27 /* AIAppDelegate.mm */,
				826647981972751400E30C60 /* AIAudioOutputPlayer.h */,
				826647991972751400E30C60 /* AIAudioOutputPlayer.mm */,
				822204C61A5535A5003E7C09 /* AIAUViewFactory.h */,
				82296E5818F110AF00328B27 /* AITapeTrack.h */,
				82296E5918F110AF00328B27 /* AITapeTrack.m */,
				8241E8371980D02600EC8E6A /* tapemas.png */,
				82B9C9EE1969374700FDF7AD /* tapedoc.png */,
				82296E5418F10C7F00328B27 /* cassette90.png */,
				82296E3518F10AEB00328B27 /* MainMenu.xib */,
				824EE2E818F43D2C00F9E75F /* AVAudioGapPlayer.h */,
				824EE2E918F43D2C00F9E75F /* AVAudioGapPlayer.m */,
				829933731A905EC200259804 /* AIInspectorWindow.h */,
				829933741A905EC200259804 /* AIInspectorWindow.m */,
				829933831A9073A500259804 /* AIInspectorWindow.xib */,
				8266479F1972788300E30C60 /* test.mp3 */,
				82296E3818F10AEB00328B27 /* Images.xcassets */,
				82296E2718F10AEB00328B27 /* Supporting Files */,
			);
			path = AIEdit;
			sourceTree = "<group>";
		};
		82296E2718F10AEB00328B27 /* Supporting Files */ = {
			isa = PBXGroup;
			children = (
				824CB0B91A66267500C1714B /* AudioDevice.cpp */,
				824CB0BA1A66267500C1714B /* AudioDevice.h */,
				824CB0BB1A66267500C1714B /* AudioDeviceList.cpp */,
				824CB0BC1A66267500C1714B /* AudioDeviceList.h */,
				820067D5190115AD0082A6B1 /* ORSSerialPort.h */,
				820067D6190115AD0082A6B1 /* ORSSerialPort.m */,
				820067D7190115AD0082A6B1 /* ORSSerialPortManager.h */,
				820067D8190115AD0082A6B1 /* ORSSerialPortManager.m */,
				826647BE1972898E00E30C60 /* AUOutputBL.h */,
				826647BF1972898E00E30C60 /* CAAtomic.h */,
				826647C01972898E00E30C60 /* CAAudioChannelLayout.cpp */,
				826647C11972898E00E30C60 /* CAAudioChannelLayout.h */,
				826647C21972898E00E30C60 /* CAAudioChannelLayoutObject.cpp */,
				826647C31972898E00E30C60 /* CAAudioUnit.cpp */,
				826647C41972898E00E30C60 /* CAAudioUnit.h */,
				826647C51972898E00E30C60 /* CAAutoDisposer.h */,
				826647C61972898E00E30C60 /* CACFDictionary.h */,
				826647C71972898E00E30C60 /* CAComponent.cpp */,
				826647C81972898E00E30C60 /* CAComponent.h */,
				826647C91972898E00E30C60 /* CAComponentDescription.cpp */,
				826647CA1972898E00E30C60 /* CAComponentDescription.h */,
				826647CB1972898E00E30C60 /* CADebugMacros.h */,
				826647CC1972898E00E30C60 /* CADebugPrintf.h */,
				826647CD1972898E00E30C60 /* CAMath.h */,
				826647CE1972898E00E30C60 /* CAReferenceCounted.h */,
				826647CF1972898E00E30C60 /* CAStreamBasicDescription.cpp */,
				826647D01972898E00E30C60 /* CAStreamBasicDescription.h */,
				826647D11972898E00E30C60 /* CAXException.cpp */,
				826647D21972898E00E30C60 /* CAXException.h */,
				82296E2818F10AEB00328B27 /* AIEdit-Info.plist */,
				82296E2918F10AEB00328B27 /* InfoPlist.strings */,
				82296E2C18F10AEB00328B27 /* main.m */,
				82296E2E18F10AEB00328B27 /* AIEdit-Prefix.pch */,
				82296E2F18F10AEB00328B27 /* Credits.rtf */,
			);
			name = "Supporting Files";
			sourceTree = "<group>";
		};
		82296E4418F10AEB00328B27 /* AIEditTests */ = {
			isa = PBXGroup;
			children = (
				82296E4A18F10AEB00328B27 /* AIEditTests.m */,
				82296E4518F10AEB00328B27 /* Supporting Files */,
			);
			path = AIEditTests;
			sourceTree = "<group>";
		};
		82296E4518F10AEB00328B27 /* Supporting Files */ = {
			isa = PBXGroup;
			children = (
				82296E4618F10AEB00328B27 /* AIEditTests-Info.plist */,
				82296E4718F10AEB00328B27 /* InfoPlist.strings */,
			);
			name = "Supporting Files";
			sourceTree = "<group>";
		};
/* End PBXGroup section */

/* Begin PBXHeadersBuildPhase section */
		824CB0BF1A662B6E00C1714B /* Headers */ = {
			isa = PBXHeadersBuildPhase;
			buildActionMask = 2147483647;
			files = (
				824CB0C01A662B8500C1714B /* AudioDevice.h in Headers */,
				824CB0C11A662B8500C1714B /* AudioDeviceList.h in Headers */,
				829933761A905EC200259804 /* AIInspectorWindow.h in Headers */,
			);
			runOnlyForDeploymentPostprocessing = 0;
		};
/* End PBXHeadersBuildPhase section */

/* Begin PBXNativeTarget section */
		82296E1C18F10AEB00328B27 /* AIEdit */ = {
			isa = PBXNativeTarget;
			buildConfigurationList = 82296E4E18F10AEB00328B27 /* Build configuration list for PBXNativeTarget "AIEdit" */;
			buildPhases = (
				824CB0BF1A662B6E00C1714B /* Headers */,
				82296E1918F10AEB00328B27 /* Sources */,
				82296E1A18F10AEB00328B27 /* Frameworks */,
				82296E1B18F10AEB00328B27 /* Resources */,
				826647DE1972949C00E30C60 /* CopyFiles */,
			);
			buildRules = (
			);
			dependencies = (
			);
			name = AIEdit;
			productName = AIEdit;
			productReference = 82296E1D18F10AEB00328B27 /* AIEdit.app */;
			productType = "com.apple.product-type.application";
		};
		82296E3D18F10AEB00328B27 /* AIEditTests */ = {
			isa = PBXNativeTarget;
			buildConfigurationList = 82296E5118F10AEB00328B27 /* Build configuration list for PBXNativeTarget "AIEditTests" */;
			buildPhases = (
				82296E3A18F10AEB00328B27 /* Sources */,
				82296E3B18F10AEB00328B27 /* Frameworks */,
				82296E3C18F10AEB00328B27 /* Resources */,
			);
			buildRules = (
			);
			dependencies = (
				82296E4318F10AEB00328B27 /* PBXTargetDependency */,
			);
			name = AIEditTests;
			productName = AIEditTests;
			productReference = 82296E3E18F10AEB00328B27 /* AIEditTests.xctest */;
			productType = "com.apple.product-type.bundle.unit-test";
		};
/* End PBXNativeTarget section */

/* Begin PBXProject section */
		82296E1518F10AEB00328B27 /* Project object */ = {
			isa = PBXProject;
			attributes = {
				CLASSPREFIX = AI;
				LastUpgradeCheck = 0500;
				ORGANIZATIONNAME = "Akasaka Ryuunosuke";
				TargetAttributes = {
					82296E3D18F10AEB00328B27 = {
						TestTargetID = 82296E1C18F10AEB00328B27;
					};
				};
			};
			buildConfigurationList = 82296E1818F10AEB00328B27 /* Build configuration list for PBXProject "AIEdit" */;
			compatibilityVersion = "Xcode 3.2";
			developmentRegion = English;
			hasScannedForEncodings = 0;
			knownRegions = (
				en,
				Base,
			);
			mainGroup = 82296E1418F10AEB00328B27;
			productRefGroup = 82296E1E18F10AEB00328B27 /* Products */;
			projectDirPath = "";
			projectRoot = "";
			targets = (
				82296E1C18F10AEB00328B27 /* AIEdit */,
				82296E3D18F10AEB00328B27 /* AIEditTests */,
			);
		};
/* End PBXProject section */

/* Begin PBXResourcesBuildPhase section */
		82296E1B18F10AEB00328B27 /* Resources */ = {
			isa = PBXResourcesBuildPhase;
			buildActionMask = 2147483647;
			files = (
				82296E2B18F10AEB00328B27 /* InfoPlist.strings in Resources */,
				8241E8381980D02600EC8E6A /* tapemas.png in Resources */,
				82296E5518F10C7F00328B27 /* cassette90.png in Resources */,
				829933811A9073A500259804 /* AIInspectorWindow.xib in Resources */,
				82B9C9EF1969374700FDF7AD /* tapedoc.png in Resources */,
				82296E3918F10AEB00328B27 /* Images.xcassets in Resources */,
				82296E3118F10AEB00328B27 /* Credits.rtf in Resources */,
				826647A01972788300E30C60 /* test.mp3 in Resources */,
				82296E3718F10AEB00328B27 /* MainMenu.xib in Resources */,
			);
			runOnlyForDeploymentPostprocessing = 0;
		};
		82296E3C18F10AEB00328B27 /* Resources */ = {
			isa = PBXResourcesBuildPhase;
			buildActionMask = 2147483647;
			files = (
				82296E4918F10AEB00328B27 /* InfoPlist.strings in Resources */,
			);
			runOnlyForDeploymentPostprocessing = 0;
		};
/* End PBXResourcesBuildPhase section */

/* Begin PBXSourcesBuildPhase section */
		82296E1918F10AEB00328B27 /* Sources */ = {
			isa = PBXSourcesBuildPhase;
			buildActionMask = 2147483647;
			files = (
				826647D91972898E00E30C60 /* CAXException.cpp in Sources */,
				82296E3418F10AEB00328B27 /* AIAppDelegate.mm in Sources */,
				826647D41972898E00E30C60 /* CAAudioChannelLayoutObject.cpp in Sources */,
				8241E83B1980D1F600EC8E6A /* AIReelRecorder.m in Sources */,
				820067DB190115AD0082A6B1 /* ORSSerialPort.m in Sources */,
				8266479A1972751400E30C60 /* AIAudioOutputPlayer.mm in Sources */,
				824CB0BE1A66267500C1714B /* AudioDeviceList.cpp in Sources */,
				829933771A905EC200259804 /* AIInspectorWindow.m in Sources */,
				826647D51972898E00E30C60 /* CAAudioUnit.cpp in Sources */,
				82296E2D18F10AEB00328B27 /* main.m in Sources */,
				826647D31972898E00E30C60 /* CAAudioChannelLayout.cpp in Sources */,
				824CB0BD1A66267500C1714B /* AudioDevice.cpp in Sources */,
				826647D61972898E00E30C60 /* CAComponent.cpp in Sources */,
				820067DC190115AD0082A6B1 /* ORSSerialPortManager.m in Sources */,
				82296E5A18F110AF00328B27 /* AITapeTrack.m in Sources */,
				826647D71972898E00E30C60 /* CAComponentDescription.cpp in Sources */,
				820067DD190115AD0082A6B1 /* AKPioneerTapeRecorder.m in Sources */,
				824EE2EA18F43D2C00F9E75F /* AVAudioGapPlayer.m in Sources */,
				826647D81972898E00E30C60 /* CAStreamBasicDescription.cpp in Sources */,
			);
			runOnlyForDeploymentPostprocessing = 0;
		};
		82296E3A18F10AEB00328B27 /* Sources */ = {
			isa = PBXSourcesBuildPhase;
			buildActionMask = 2147483647;
			files = (
				82296E4B18F10AEB00328B27 /* AIEditTests.m in Sources */,
			);
			runOnlyForDeploymentPostprocessing = 0;
		};
/* End PBXSourcesBuildPhase section */

/* Begin PBXTargetDependency section */
		82296E4318F10AEB00328B27 /* PBXTargetDependency */ = {
			isa = PBXTargetDependency;
			target = 82296E1C18F10AEB00328B27 /* AIEdit */;
			targetProxy = 82296E4218F10AEB00328B27 /* PBXContainerItemProxy */;
		};
/* End PBXTargetDependency section */

/* Begin PBXVariantGroup section */
		82296E2918F10AEB00328B27 /* InfoPlist.strings */ = {
			isa = PBXVariantGroup;
			children = (
				82296E2A18F10AEB00328B27 /* en */,
			);
			name = InfoPlist.strings;
			sourceTree = "<group>";
		};
		82296E2F18F10AEB00328B27 /* Credits.rtf */ = {
			isa = PBXVariantGroup;
			children = (
				82296E3018F10AEB00328B27 /* en */,
			);
			name = Credits.rtf;
			sourceTree = "<group>";
		};
		82296E3518F10AEB00328B27 /* MainMenu.xib */ = {
			isa = PBXVariantGroup;
			children = (
				82296E3618F10AEB00328B27 /* Base */,
			);
			name = MainMenu.xib;
			sourceTree = "<group>";
		};
		82296E4718F10AEB00328B27 /* InfoPlist.strings */ = {
			isa = PBXVariantGroup;
			children = (
				82296E4818F10AEB00328B27 /* en */,
			);
			name = InfoPlist.strings;
			sourceTree = "<group>";
		};
		829933831A9073A500259804 /* AIInspectorWindow.xib */ = {
			isa = PBXVariantGroup;
			children = (
				829933821A9073A500259804 /* Base */,
			);
			name = AIInspectorWindow.xib;
			sourceTree = "<group>";
		};
/* End PBXVariantGroup section */

/* Begin XCBuildConfiguration section */
		82296E4C18F10AEB00328B27 /* Debug */ = {
			isa = XCBuildConfiguration;
			buildSettings = {
				ALWAYS_SEARCH_USER_PATHS = NO;
				CLANG_CXX_LANGUAGE_STANDARD = "gnu++0x";
				CLANG_CXX_LIBRARY = "libc++";
				CLANG_ENABLE_OBJC_ARC = YES;
				CLANG_WARN_BOOL_CONVERSION = YES;
				CLANG_WARN_CONSTANT_CONVERSION = YES;
				CLANG_WARN_DIRECT_OBJC_ISA_USAGE = YES_ERROR;
				CLANG_WARN_EMPTY_BODY = YES;
				CLANG_WARN_ENUM_CONVERSION = YES;
				CLANG_WARN_INT_CONVERSION = YES;
				CLANG_WARN_OBJC_ROOT_CLASS = YES_ERROR;
				CLANG_WARN__DUPLICATE_METHOD_MATCH = YES;
				COPY_PHASE_STRIP = NO;
				GCC_C_LANGUAGE_STANDARD = gnu99;
				GCC_DYNAMIC_NO_PIC = NO;
				GCC_ENABLE_OBJC_EXCEPTIONS = YES;
				GCC_OPTIMIZATION_LEVEL = 0;
				GCC_PREPROCESSOR_DEFINITIONS = (
					"DEBUG=1",
					"$(inherited)",
				);
				GCC_SYMBOLS_PRIVATE_EXTERN = NO;
				GCC_WARN_64_TO_32_BIT_CONVERSION = YES;
				GCC_WARN_ABOUT_RETURN_TYPE = YES_ERROR;
				GCC_WARN_UNDECLARED_SELECTOR = YES;
				GCC_WARN_UNINITIALIZED_AUTOS = YES;
				GCC_WARN_UNUSED_FUNCTION = YES;
				GCC_WARN_UNUSED_VARIABLE = YES;
				MACOSX_DEPLOYMENT_TARGET = 10.7;
				ONLY_ACTIVE_ARCH = YES;
				SDKROOT = macosx;
			};
			name = Debug;
		};
		82296E4D18F10AEB00328B27 /* Release */ = {
			isa = XCBuildConfiguration;
			buildSettings = {
				ALWAYS_SEARCH_USER_PATHS = NO;
				CLANG_CXX_LANGUAGE_STANDARD = "gnu++0x";
				CLANG_CXX_LIBRARY = "libc++";
				CLANG_ENABLE_OBJC_ARC = YES;
				CLANG_WARN_BOOL_CONVERSION = YES;
				CLANG_WARN_CONSTANT_CONVERSION = YES;
				CLANG_WARN_DIRECT_OBJC_ISA_USAGE = YES_ERROR;
				CLANG_WARN_EMPTY_BODY = YES;
				CLANG_WARN_ENUM_CONVERSION = YES;
				CLANG_WARN_INT_CONVERSION = YES;
				CLANG_WARN_OBJC_ROOT_CLASS = YES_ERROR;
				CLANG_WARN__DUPLICATE_METHOD_MATCH = YES;
				COPY_PHASE_STRIP = YES;
				DEBUG_INFORMATION_FORMAT = "dwarf-with-dsym";
				ENABLE_NS_ASSERTIONS = NO;
				GCC_C_LANGUAGE_STANDARD = gnu99;
				GCC_ENABLE_OBJC_EXCEPTIONS = YES;
				GCC_WARN_64_TO_32_BIT_CONVERSION = YES;
				GCC_WARN_ABOUT_RETURN_TYPE = YES_ERROR;
				GCC_WARN_UNDECLARED_SELECTOR = YES;
				GCC_WARN_UNINITIALIZED_AUTOS = YES;
				GCC_WARN_UNUSED_FUNCTION = YES;
				GCC_WARN_UNUSED_VARIABLE = YES;
				MACOSX_DEPLOYMENT_TARGET = 10.7;
				SDKROOT = macosx;
			};
			name = Release;
		};
		82296E4F18F10AEB00328B27 /* Debug */ = {
			isa = XCBuildConfiguration;
			buildSettings = {
				COMBINE_HIDPI_IMAGES = YES;
				FRAMEWORK_SEARCH_PATHS = (
					"$(inherited)",
					"$(PROJECT_DIR)",
				);
				GCC_PRECOMPILE_PREFIX_HEADER = YES;
				GCC_PREFIX_HEADER = "AIEdit/AIEdit-Prefix.pch";
				INFOPLIST_FILE = "AIEdit/AIEdit-Info.plist";
				MACOSX_DEPLOYMENT_TARGET = 10.7;
				PRODUCT_NAME = "$(TARGET_NAME)";
				WRAPPER_EXTENSION = app;
			};
			name = Debug;
		};
		82296E5018F10AEB00328B27 /* Release */ = {
			isa = XCBuildConfiguration;
			buildSettings = {
				COMBINE_HIDPI_IMAGES = YES;
				FRAMEWORK_SEARCH_PATHS = (
					"$(inherited)",
					"$(PROJECT_DIR)",
				);
				GCC_PRECOMPILE_PREFIX_HEADER = YES;
				GCC_PREFIX_HEADER = "AIEdit/AIEdit-Prefix.pch";
				INFOPLIST_FILE = "AIEdit/AIEdit-Info.plist";
				MACOSX_DEPLOYMENT_TARGET = 10.7;
				PRODUCT_NAME = "$(TARGET_NAME)";
				WRAPPER_EXTENSION = app;
			};
			name = Release;
		};
		82296E5218F10AEB00328B27 /* Debug */ = {
			isa = XCBuildConfiguration;
			buildSettings = {
				BUNDLE_LOADER = "$(BUILT_PRODUCTS_DIR)/AIEdit.app/Contents/MacOS/AIEdit";
				COMBINE_HIDPI_IMAGES = YES;
				FRAMEWORK_SEARCH_PATHS = (
					"$(DEVELOPER_FRAMEWORKS_DIR)",
					"$(inherited)",
				);
				GCC_PRECOMPILE_PREFIX_HEADER = YES;
				GCC_PREFIX_HEADER = "AIEdit/AIEdit-Prefix.pch";
				GCC_PREPROCESSOR_DEFINITIONS = (
					"DEBUG=1",
					"$(inherited)",
				);
				INFOPLIST_FILE = "AIEditTests/AIEditTests-Info.plist";
				PRODUCT_NAME = "$(TARGET_NAME)";
				TEST_HOST = "$(BUNDLE_LOADER)";
				WRAPPER_EXTENSION = xctest;
			};
			name = Debug;
		};
		82296E5318F10AEB00328B27 /* Release */ = {
			isa = XCBuildConfiguration;
			buildSettings = {
				BUNDLE_LOADER = "$(BUILT_PRODUCTS_DIR)/AIEdit.app/Contents/MacOS/AIEdit";
				COMBINE_HIDPI_IMAGES = YES;
				FRAMEWORK_SEARCH_PATHS = (
					"$(DEVELOPER_FRAMEWORKS_DIR)",
					"$(inherited)",
				);
				GCC_PRECOMPILE_PREFIX_HEADER = YES;
				GCC_PREFIX_HEADER = "AIEdit/AIEdit-Prefix.pch";
				INFOPLIST_FILE = "AIEditTests/AIEditTests-Info.plist";
				PRODUCT_NAME = "$(TARGET_NAME)";
				TEST_HOST = "$(BUNDLE_LOADER)";
				WRAPPER_EXTENSION = xctest;
			};
			name = Release;
		};
/* End XCBuildConfiguration section */

/* Begin XCConfigurationList section */
		82296E1818F10AEB00328B27 /* Build configuration list for PBXProject "AIEdit" */ = {
			isa = XCConfigurationList;
			buildConfigurations = (
				82296E4C18F10AEB00328B27 /* Debug */,
				82296E4D18F10AEB00328B27 /* Release */,
			);
			defaultConfigurationIsVisible = 0;
			defaultConfigurationName = Release;
		};
		82296E4E18F10AEB00328B27 /* Build configuration list for PBXNativeTarget "AIEdit" */ = {
			isa = XCConfigurationList;
			buildConfigurations = (
				82296E4F18F10AEB00328B27 /* Debug */,
				82296E5018F10AEB00328B27 /* Release */,
			);
			defaultConfigurationIsVisible = 0;
			defaultConfigurationName = Release;
		};
		82296E5118F10AEB00328B27 /* Build configuration list for PBXNativeTarget "AIEditTests" */ = {
			isa = XCConfigurationList;
			buildConfigurations = (
				82296E5218F10AEB00328B27 /* Debug */,
				82296E5318F10AEB00328B27 /* Release */,
			);
			defaultConfigurationIsVisible = 0;
			defaultConfigurationName = Release;
		};
/* End XCConfigurationList section */
	};
	rootObject = 82296E1518F10AEB00328B27 /* Project object */;
}
